
Microsoft Visual Studio Solution File, Format Version 12.00
# Visual Studio Version 17
VisualStudioVersion = 17.8.34316.72
MinimumVisualStudioVersion = 10.0.40219.1
Project("{FAE04EC0-301F-11D3-BF4B-00C04F79EFBC}") = "HelloRazorWeb", "HelloRazorWeb\HelloRazorWeb.csproj", "{E720E62F-B2B5-48BF-B706-C726EDAFA92F}"
EndProject
Project("{FAE04EC0-301F-11D3-BF4B-00C04F79EFBC}") = "HelloRazorNUnitTest", "HelloRazorNUnitTest\HelloRazorNUnitTest.csproj", "{E6ECB90E-B6F1-4346-AD56-8187379FF933}"
EndProject
Global
	GlobalSection(SolutionConfigurationPlatforms) = preSolution
		Debug|Any CPU = Debug|Any CPU
		Release|Any CPU = Release|Any CPU
	EndGlobalSection
	GlobalSection(ProjectConfigurationPlatforms) = postSolution
		{E720E62F-B2B5-48BF-B706-C726EDAFA92F}.Debug|Any CPU.ActiveCfg = Debug|Any CPU
		{E720E62F-B2B5-48BF-B706-C726EDAFA92F}.Debug|Any CPU.Build.0 = Debug|Any CPU
		{E720E62F-B2B5-48BF-B706-C726EDAFA92F}.Release|Any CPU.ActiveCfg = Release|Any CPU
		{E720E62F-B2B5-48BF-B706-C726EDAFA92F}.Release|Any CPU.Build.0 = Release|Any CPU
		{E6ECB90E-B6F1-4346-AD56-8187379FF933}.Debug|Any CPU.ActiveCfg = Debug|Any CPU
		{E6ECB90E-B6F1-4346-AD56-8187379FF933}.Debug|Any CPU.Build.0 = Debug|Any CPU
		{E6ECB90E-B6F1-4346-AD56-8187379FF933}.Release|Any CPU.ActiveCfg = Release|Any CPU
		{E6ECB90E-B6F1-4346-AD56-8187379FF933}.Release|Any CPU.Build.0 = Release|Any CPU
	EndGlobalSection
	GlobalSection(SolutionProperties) = preSolution
		HideSolutionNode = FALSE
	EndGlobalSection
	GlobalSection(ExtensibilityGlobals) = postSolution
		SolutionGuid = {EB633DA1-5E53-42DD-AD2F-E4F292582E7B}
	EndGlobalSection
EndGlobal
